
Microsoft Visual Studio Solution File, Format Version 12.00
# Visual Studio Version 17
VisualStudioVersion = 17.13.35605.110 d17.13
MinimumVisualStudioVersion = 10.0.40219.1
Project("{888888A0-9F3D-457C-B088-3A5042F75D52}") = "Calcolatore congettura di colatz", "Calcolatore congettura di colatz\Calcolatore congettura di colatz.pyproj", "{13EE3661-C3E4-48A6-9E5A-1321FAA50982}"
EndProject
Global
	GlobalSection(SolutionConfigurationPlatforms) = preSolution
		Debug|Any CPU = Debug|Any CPU
		Release|Any CPU = Release|Any CPU
	EndGlobalSection
	GlobalSection(ProjectConfigurationPlatforms) = postSolution
		{13EE3661-C3E4-48A6-9E5A-1321FAA50982}.Debug|Any CPU.ActiveCfg = Debug|Any CPU
		{13EE3661-C3E4-48A6-9E5A-1321FAA50982}.Release|Any CPU.ActiveCfg = Release|Any CPU
	EndGlobalSection
	GlobalSection(SolutionProperties) = preSolution
		HideSolutionNode = FALSE
	EndGlobalSection
	GlobalSection(ExtensibilityGlobals) = postSolution
		SolutionGuid = {0902398E-C6BA-46C2-8FD0-0961D552ECEA}
	EndGlobalSection
EndGlobal
